Microsoft Visual Studio Solution File, Format Version 12.00
# Visual Studio Version 17
VisualStudioVersion = 17.5.2.0
MinimumVisualStudioVersion = 10.0.40219.1
Project("{2150E333-8FDC-42A3-9474-1A3956D46DE8}") = "src", "src", "{827E0CD3-B72D-47B6-A68D-7590B98EB39B}"
EndProject
Project("{FAE04EC0-301F-11D3-BF4B-00C04F79EFBC}") = "Ai.McuUiStudio.App", "src\Ai.McuUiStudio.App\Ai.McuUiStudio.App.csproj", "{15D7BEC1-9387-C51A-6A2D-D8DA50564351}"
EndProject
Project("{FAE04EC0-301F-11D3-BF4B-00C04F79EFBC}") = "Ai.McuUiStudio.PreviewHost", "src\Ai.McuUiStudio.PreviewHost\Ai.McuUiStudio.PreviewHost.csproj", "{AF83901B-CEA4-C500-85B3-1150D739DB4C}"
EndProject
Project("{FAE04EC0-301F-11D3-BF4B-00C04F79EFBC}") = "Ai.McuUiStudio.Core", "src\Ai.McuUiStudio.Core\Ai.McuUiStudio.Core.csproj", "{4762B674-1249-3581-55D1-5094CEB647C2}"
EndProject
Global
	GlobalSection(SolutionConfigurationPlatforms) = preSolution
		Debug|Any CPU = Debug|Any CPU
		Release|Any CPU = Release|Any CPU
	EndGlobalSection
	GlobalSection(ProjectConfigurationPlatforms) = postSolution
		{15D7BEC1-9387-C51A-6A2D-D8DA50564351}.Debug|Any CPU.ActiveCfg = Debug|Any CPU
		{15D7BEC1-9387-C51A-6A2D-D8DA50564351}.Debug|Any CPU.Build.0 = Debug|Any CPU
		{15D7BEC1-9387-C51A-6A2D-D8DA50564351}.Release|Any CPU.ActiveCfg = Release|Any CPU
		{15D7BEC1-9387-C51A-6A2D-D8DA50564351}.Release|Any CPU.Build.0 = Release|Any CPU
		{AF83901B-CEA4-C500-85B3-1150D739DB4C}.Debug|Any CPU.ActiveCfg = Debug|Any CPU
		{AF83901B-CEA4-C500-85B3-1150D739DB4C}.Debug|Any CPU.Build.0 = Debug|Any CPU
		{AF83901B-CEA4-C500-85B3-1150D739DB4C}.Release|Any CPU.ActiveCfg = Release|Any CPU
		{AF83901B-CEA4-C500-85B3-1150D739DB4C}.Release|Any CPU.Build.0 = Release|Any CPU
		{4762B674-1249-3581-55D1-5094CEB647C2}.Debug|Any CPU.ActiveCfg = Debug|Any CPU
		{4762B674-1249-3581-55D1-5094CEB647C2}.Debug|Any CPU.Build.0 = Debug|Any CPU
		{4762B674-1249-3581-55D1-5094CEB647C2}.Release|Any CPU.ActiveCfg = Release|Any CPU
		{4762B674-1249-3581-55D1-5094CEB647C2}.Release|Any CPU.Build.0 = Release|Any CPU
	EndGlobalSection
	GlobalSection(SolutionProperties) = preSolution
		HideSolutionNode = FALSE
	EndGlobalSection
	GlobalSection(NestedProjects) = preSolution
		{15D7BEC1-9387-C51A-6A2D-D8DA50564351} = {827E0CD3-B72D-47B6-A68D-7590B98EB39B}
		{AF83901B-CEA4-C500-85B3-1150D739DB4C} = {827E0CD3-B72D-47B6-A68D-7590B98EB39B}
		{4762B674-1249-3581-55D1-5094CEB647C2} = {827E0CD3-B72D-47B6-A68D-7590B98EB39B}
	EndGlobalSection
	GlobalSection(ExtensibilityGlobals) = postSolution
		SolutionGuid = {0CF80AD4-22C9-4CD8-B540-711CB0C5F5EB}
	EndGlobalSection
EndGlobal
